
Microsoft Visual Studio Solution File, Format Version 12.00
# Visual Studio Version 16
VisualStudioVersion = 16.0.30002.166
MinimumVisualStudioVersion = 10.0.40219.1
Project("{FAE04EC0-301F-11D3-BF4B-00C04F79EFBC}") = "tcp_packet_unpacket", "tcp_packet_unpacket\tcp_packet_unpacket.csproj", "{0886F111-8D07-4B55-9847-5E63F0FD137E}"
EndProject
Global
	GlobalSection(SolutionConfigurationPlatforms) = preSolution
		Debug|Any CPU = Debug|Any CPU
		Release|Any CPU = Release|Any CPU
	EndGlobalSection
	GlobalSection(ProjectConfigurationPlatforms) = postSolution
		{0886F111-8D07-4B55-9847-5E63F0FD137E}.Debug|Any CPU.ActiveCfg = Debug|Any CPU
		{0886F111-8D07-4B55-9847-5E63F0FD137E}.Debug|Any CPU.Build.0 = Debug|Any CPU
		{0886F111-8D07-4B55-9847-5E63F0FD137E}.Release|Any CPU.ActiveCfg = Release|Any CPU
		{0886F111-8D07-4B55-9847-5E63F0FD137E}.Release|Any CPU.Build.0 = Release|Any CPU
	EndGlobalSection
	GlobalSection(SolutionProperties) = preSolution
		HideSolutionNode = FALSE
	EndGlobalSection
	GlobalSection(ExtensibilityGlobals) = postSolution
		SolutionGuid = {288425E4-8DBB-4217-A150-5C14E3BD5604}
	EndGlobalSection
EndGlobal
